
Microsoft Visual Studio Solution File, Format Version 12.00
# Visual Studio Version 17
VisualStudioVersion = 17.13.35818.85 d17.13
MinimumVisualStudioVersion = 10.0.40219.1
Project("{FAE04EC0-301F-11D3-BF4B-00C04F79EFBC}") = "TiposDeDados", "TiposDeDados\TiposDeDados.csproj", "{0126AC0A-3EF8-4365-94BB-4975203BA16B}"
EndProject
Project("{FAE04EC0-301F-11D3-BF4B-00C04F79EFBC}") = "DateTime", "DateTime\DateTime.csproj", "{88A78D28-5388-4F02-8269-93D838D4A2A2}"
EndProject
Project("{FAE04EC0-301F-11D3-BF4B-00C04F79EFBC}") = "NullableTypes", "NullableTypes\NullableTypes.csproj", "{663B9E1C-76B6-45A9-A239-03E5C5A2F0EC}"
EndProject
Project("{FAE04EC0-301F-11D3-BF4B-00C04F79EFBC}") = "Identificadores", "Identificadores\Identificadores.csproj", "{BCF15218-75CC-4C22-BBF1-EB0983B72C2B}"
EndProject
Global
	GlobalSection(SolutionConfigurationPlatforms) = preSolution
		Debug|Any CPU = Debug|Any CPU
		Release|Any CPU = Release|Any CPU
	EndGlobalSection
	GlobalSection(ProjectConfigurationPlatforms) = postSolution
		{0126AC0A-3EF8-4365-94BB-4975203BA16B}.Debug|Any CPU.ActiveCfg = Debug|Any CPU
		{0126AC0A-3EF8-4365-94BB-4975203BA16B}.Debug|Any CPU.Build.0 = Debug|Any CPU
		{0126AC0A-3EF8-4365-94BB-4975203BA16B}.Release|Any CPU.ActiveCfg = Release|Any CPU
		{0126AC0A-3EF8-4365-94BB-4975203BA16B}.Release|Any CPU.Build.0 = Release|Any CPU
		{88A78D28-5388-4F02-8269-93D838D4A2A2}.Debug|Any CPU.ActiveCfg = Debug|Any CPU
		{88A78D28-5388-4F02-8269-93D838D4A2A2}.Debug|Any CPU.Build.0 = Debug|Any CPU
		{88A78D28-5388-4F02-8269-93D838D4A2A2}.Release|Any CPU.ActiveCfg = Release|Any CPU
		{88A78D28-5388-4F02-8269-93D838D4A2A2}.Release|Any CPU.Build.0 = Release|Any CPU
		{663B9E1C-76B6-45A9-A239-03E5C5A2F0EC}.Debug|Any CPU.ActiveCfg = Debug|Any CPU
		{663B9E1C-76B6-45A9-A239-03E5C5A2F0EC}.Debug|Any CPU.Build.0 = Debug|Any CPU
		{663B9E1C-76B6-45A9-A239-03E5C5A2F0EC}.Release|Any CPU.ActiveCfg = Release|Any CPU
		{663B9E1C-76B6-45A9-A239-03E5C5A2F0EC}.Release|Any CPU.Build.0 = Release|Any CPU
		{BCF15218-75CC-4C22-BBF1-EB0983B72C2B}.Debug|Any CPU.ActiveCfg = Debug|Any CPU
		{BCF15218-75CC-4C22-BBF1-EB0983B72C2B}.Debug|Any CPU.Build.0 = Debug|Any CPU
		{BCF15218-75CC-4C22-BBF1-EB0983B72C2B}.Release|Any CPU.ActiveCfg = Release|Any CPU
		{BCF15218-75CC-4C22-BBF1-EB0983B72C2B}.Release|Any CPU.Build.0 = Release|Any CPU
	EndGlobalSection
	GlobalSection(SolutionProperties) = preSolution
		HideSolutionNode = FALSE
	EndGlobalSection
	GlobalSection(ExtensibilityGlobals) = postSolution
		SolutionGuid = {858060D6-9CE3-4E57-9465-6324CACF3BB4}
	EndGlobalSection
EndGlobal
