
Microsoft Visual Studio Solution File, Format Version 12.00
# Visual Studio Version 17
VisualStudioVersion = 17.13.35818.85
MinimumVisualStudioVersion = 10.0.40219.1
Project("{FAE04EC0-301F-11D3-BF4B-00C04F79EFBC}") = "TiposDeDados", "TiposDeDados\TiposDeDados.csproj", "{0126AC0A-3EF8-4365-94BB-4975203BA16B}"
EndProject
Project("{FAE04EC0-301F-11D3-BF4B-00C04F79EFBC}") = "DateTime", "DateTime\DateTime.csproj", "{88A78D28-5388-4F02-8269-93D838D4A2A2}"
EndProject
Project("{FAE04EC0-301F-11D3-BF4B-00C04F79EFBC}") = "NullableTypes", "NullableTypes\NullableTypes.csproj", "{663B9E1C-76B6-45A9-A239-03E5C5A2F0EC}"
EndProject
Project("{FAE04EC0-301F-11D3-BF4B-00C04F79EFBC}") = "Identificadores", "Identificadores\Identificadores.csproj", "{BCF15218-75CC-4C22-BBF1-EB0983B72C2B}"
EndProject
Project("{FAE04EC0-301F-11D3-BF4B-00C04F79EFBC}") = "SaidaDadosFormatacao", "SaidaDadosFormatacao\SaidaDadosFormatacao.csproj", "{337D2640-1852-495C-8F47-AEF4F65BE240}"
EndProject
Project("{FAE04EC0-301F-11D3-BF4B-00C04F79EFBC}") = "SequenciaDeEscapes", "SequenciaDeEscapes\SequenciaDeEscapes.csproj", "{F682015F-5CAC-429C-BD3E-07FB7C308370}"
EndProject
Project("{FAE04EC0-301F-11D3-BF4B-00C04F79EFBC}") = "ConversaoDeTipos", "ConversaoDeTipos\ConversaoDeTipos.csproj", "{DB2BE1DD-E9E8-407D-96EE-C8131BAEE139}"
EndProject
Project("{FAE04EC0-301F-11D3-BF4B-00C04F79EFBC}") = "EntradaDeDados", "EntradaDeDados\EntradaDeDados.csproj", "{947B9AC0-4751-4B90-9104-36EA43A3CEF5}"
EndProject
Project("{FAE04EC0-301F-11D3-BF4B-00C04F79EFBC}") = "OperadoresAritmeticos", "OperadoresAritmeticos\OperadoresAritmeticos.csproj", "{4897A305-AC03-477A-AA0A-BBDE0F10BA96}"
EndProject
Project("{FAE04EC0-301F-11D3-BF4B-00C04F79EFBC}") = "InferenciaDeTipos", "InferenciaDeTipos\InferenciaDeTipos.csproj", "{B83878A2-565E-4800-88EA-01C2E5030577}"
EndProject
Project("{FAE04EC0-301F-11D3-BF4B-00C04F79EFBC}") = "OperadoresAtribuicao", "OperadoresAtribuicao\OperadoresAtribuicao.csproj", "{FB4CFE74-E2BE-49A7-AF39-F29BE65168EA}"
EndProject
Project("{FAE04EC0-301F-11D3-BF4B-00C04F79EFBC}") = "Constantes", "Constantes\Constantes.csproj", "{B06A1D22-838C-4F6D-B49B-66270A108AD2}"
EndProject
Project("{FAE04EC0-301F-11D3-BF4B-00C04F79EFBC}") = "OperadoresIncrementoDecremento", "OperadoresIncrementoDecremento\OperadoresIncrementoDecremento.csproj", "{D2F521B8-33C8-4198-B978-1FF40435CEE2}"
EndProject
Project("{FAE04EC0-301F-11D3-BF4B-00C04F79EFBC}") = "OperadoresRelacionais", "OperadoresRelacionais\OperadoresRelacionais.csproj", "{2BDCCC10-C567-4C8D-B48A-2E6B2560E3A2}"
EndProject
Project("{FAE04EC0-301F-11D3-BF4B-00C04F79EFBC}") = "OperadoresLogicos", "OperadoresLogicos\OperadoresLogicos.csproj", "{44042B0F-C690-4391-B2DE-507155C8A453}"
EndProject
Project("{FAE04EC0-301F-11D3-BF4B-00C04F79EFBC}") = "OrdemPrecedenciaOperadores", "OrdemPrecedenciaOperadores\OrdemPrecedenciaOperadores.csproj", "{CA90BCA1-48F2-4F92-B5C0-783DFB12443F}"
EndProject
Project("{FAE04EC0-301F-11D3-BF4B-00C04F79EFBC}") = "NullableReferenceTypes", "NullableReferenceTypes\NullableReferenceTypes.csproj", "{3C2DA1FC-268A-4C2F-A7AF-326C2BA7B987}"
EndProject
Project("{FAE04EC0-301F-11D3-BF4B-00C04F79EFBC}") = "OperadorTernario", "OperadorTernario\OperadorTernario.csproj", "{622720DC-AD75-45D9-82FD-9D3BBA9A1E0B}"
EndProject
Project("{FAE04EC0-301F-11D3-BF4B-00C04F79EFBC}") = "Finalizacao", "Finalizacao\Finalizacao.csproj", "{17F2682E-7370-46A6-841E-B6771017DC84}"
EndProject
Global
	GlobalSection(SolutionConfigurationPlatforms) = preSolution
		Debug|Any CPU = Debug|Any CPU
		Release|Any CPU = Release|Any CPU
	EndGlobalSection
	GlobalSection(ProjectConfigurationPlatforms) = postSolution
		{0126AC0A-3EF8-4365-94BB-4975203BA16B}.Debug|Any CPU.ActiveCfg = Debug|Any CPU
		{0126AC0A-3EF8-4365-94BB-4975203BA16B}.Debug|Any CPU.Build.0 = Debug|Any CPU
		{0126AC0A-3EF8-4365-94BB-4975203BA16B}.Release|Any CPU.ActiveCfg = Release|Any CPU
		{0126AC0A-3EF8-4365-94BB-4975203BA16B}.Release|Any CPU.Build.0 = Release|Any CPU
		{88A78D28-5388-4F02-8269-93D838D4A2A2}.Debug|Any CPU.ActiveCfg = Debug|Any CPU
		{88A78D28-5388-4F02-8269-93D838D4A2A2}.Debug|Any CPU.Build.0 = Debug|Any CPU
		{88A78D28-5388-4F02-8269-93D838D4A2A2}.Release|Any CPU.ActiveCfg = Release|Any CPU
		{88A78D28-5388-4F02-8269-93D838D4A2A2}.Release|Any CPU.Build.0 = Release|Any CPU
		{663B9E1C-76B6-45A9-A239-03E5C5A2F0EC}.Debug|Any CPU.ActiveCfg = Debug|Any CPU
		{663B9E1C-76B6-45A9-A239-03E5C5A2F0EC}.Debug|Any CPU.Build.0 = Debug|Any CPU
		{663B9E1C-76B6-45A9-A239-03E5C5A2F0EC}.Release|Any CPU.ActiveCfg = Release|Any CPU
		{663B9E1C-76B6-45A9-A239-03E5C5A2F0EC}.Release|Any CPU.Build.0 = Release|Any CPU
		{BCF15218-75CC-4C22-BBF1-EB0983B72C2B}.Debug|Any CPU.ActiveCfg = Debug|Any CPU
		{BCF15218-75CC-4C22-BBF1-EB0983B72C2B}.Debug|Any CPU.Build.0 = Debug|Any CPU
		{BCF15218-75CC-4C22-BBF1-EB0983B72C2B}.Release|Any CPU.ActiveCfg = Release|Any CPU
		{BCF15218-75CC-4C22-BBF1-EB0983B72C2B}.Release|Any CPU.Build.0 = Release|Any CPU
		{337D2640-1852-495C-8F47-AEF4F65BE240}.Debug|Any CPU.ActiveCfg = Debug|Any CPU
		{337D2640-1852-495C-8F47-AEF4F65BE240}.Debug|Any CPU.Build.0 = Debug|Any CPU
		{337D2640-1852-495C-8F47-AEF4F65BE240}.Release|Any CPU.ActiveCfg = Release|Any CPU
		{337D2640-1852-495C-8F47-AEF4F65BE240}.Release|Any CPU.Build.0 = Release|Any CPU
		{F682015F-5CAC-429C-BD3E-07FB7C308370}.Debug|Any CPU.ActiveCfg = Debug|Any CPU
		{F682015F-5CAC-429C-BD3E-07FB7C308370}.Debug|Any CPU.Build.0 = Debug|Any CPU
		{F682015F-5CAC-429C-BD3E-07FB7C308370}.Release|Any CPU.ActiveCfg = Release|Any CPU
		{F682015F-5CAC-429C-BD3E-07FB7C308370}.Release|Any CPU.Build.0 = Release|Any CPU
		{DB2BE1DD-E9E8-407D-96EE-C8131BAEE139}.Debug|Any CPU.ActiveCfg = Debug|Any CPU
		{DB2BE1DD-E9E8-407D-96EE-C8131BAEE139}.Debug|Any CPU.Build.0 = Debug|Any CPU
		{DB2BE1DD-E9E8-407D-96EE-C8131BAEE139}.Release|Any CPU.ActiveCfg = Release|Any CPU
		{DB2BE1DD-E9E8-407D-96EE-C8131BAEE139}.Release|Any CPU.Build.0 = Release|Any CPU
		{947B9AC0-4751-4B90-9104-36EA43A3CEF5}.Debug|Any CPU.ActiveCfg = Debug|Any CPU
		{947B9AC0-4751-4B90-9104-36EA43A3CEF5}.Debug|Any CPU.Build.0 = Debug|Any CPU
		{947B9AC0-4751-4B90-9104-36EA43A3CEF5}.Release|Any CPU.ActiveCfg = Release|Any CPU
		{947B9AC0-4751-4B90-9104-36EA43A3CEF5}.Release|Any CPU.Build.0 = Release|Any CPU
		{4897A305-AC03-477A-AA0A-BBDE0F10BA96}.Debug|Any CPU.ActiveCfg = Debug|Any CPU
		{4897A305-AC03-477A-AA0A-BBDE0F10BA96}.Debug|Any CPU.Build.0 = Debug|Any CPU
		{4897A305-AC03-477A-AA0A-BBDE0F10BA96}.Release|Any CPU.ActiveCfg = Release|Any CPU
		{4897A305-AC03-477A-AA0A-BBDE0F10BA96}.Release|Any CPU.Build.0 = Release|Any CPU
		{B83878A2-565E-4800-88EA-01C2E5030577}.Debug|Any CPU.ActiveCfg = Debug|Any CPU
		{B83878A2-565E-4800-88EA-01C2E5030577}.Debug|Any CPU.Build.0 = Debug|Any CPU
		{B83878A2-565E-4800-88EA-01C2E5030577}.Release|Any CPU.ActiveCfg = Release|Any CPU
		{B83878A2-565E-4800-88EA-01C2E5030577}.Release|Any CPU.Build.0 = Release|Any CPU
		{FB4CFE74-E2BE-49A7-AF39-F29BE65168EA}.Debug|Any CPU.ActiveCfg = Debug|Any CPU
		{FB4CFE74-E2BE-49A7-AF39-F29BE65168EA}.Debug|Any CPU.Build.0 = Debug|Any CPU
		{FB4CFE74-E2BE-49A7-AF39-F29BE65168EA}.Release|Any CPU.ActiveCfg = Release|Any CPU
		{FB4CFE74-E2BE-49A7-AF39-F29BE65168EA}.Release|Any CPU.Build.0 = Release|Any CPU
		{B06A1D22-838C-4F6D-B49B-66270A108AD2}.Debug|Any CPU.ActiveCfg = Debug|Any CPU
		{B06A1D22-838C-4F6D-B49B-66270A108AD2}.Debug|Any CPU.Build.0 = Debug|Any CPU
		{B06A1D22-838C-4F6D-B49B-66270A108AD2}.Release|Any CPU.ActiveCfg = Release|Any CPU
		{B06A1D22-838C-4F6D-B49B-66270A108AD2}.Release|Any CPU.Build.0 = Release|Any CPU
		{D2F521B8-33C8-4198-B978-1FF40435CEE2}.Debug|Any CPU.ActiveCfg = Debug|Any CPU
		{D2F521B8-33C8-4198-B978-1FF40435CEE2}.Debug|Any CPU.Build.0 = Debug|Any CPU
		{D2F521B8-33C8-4198-B978-1FF40435CEE2}.Release|Any CPU.ActiveCfg = Release|Any CPU
		{D2F521B8-33C8-4198-B978-1FF40435CEE2}.Release|Any CPU.Build.0 = Release|Any CPU
		{2BDCCC10-C567-4C8D-B48A-2E6B2560E3A2}.Debug|Any CPU.ActiveCfg = Debug|Any CPU
		{2BDCCC10-C567-4C8D-B48A-2E6B2560E3A2}.Debug|Any CPU.Build.0 = Debug|Any CPU
		{2BDCCC10-C567-4C8D-B48A-2E6B2560E3A2}.Release|Any CPU.ActiveCfg = Release|Any CPU
		{2BDCCC10-C567-4C8D-B48A-2E6B2560E3A2}.Release|Any CPU.Build.0 = Release|Any CPU
		{44042B0F-C690-4391-B2DE-507155C8A453}.Debug|Any CPU.ActiveCfg = Debug|Any CPU
		{44042B0F-C690-4391-B2DE-507155C8A453}.Debug|Any CPU.Build.0 = Debug|Any CPU
		{44042B0F-C690-4391-B2DE-507155C8A453}.Release|Any CPU.ActiveCfg = Release|Any CPU
		{44042B0F-C690-4391-B2DE-507155C8A453}.Release|Any CPU.Build.0 = Release|Any CPU
		{CA90BCA1-48F2-4F92-B5C0-783DFB12443F}.Debug|Any CPU.ActiveCfg = Debug|Any CPU
		{CA90BCA1-48F2-4F92-B5C0-783DFB12443F}.Debug|Any CPU.Build.0 = Debug|Any CPU
		{CA90BCA1-48F2-4F92-B5C0-783DFB12443F}.Release|Any CPU.ActiveCfg = Release|Any CPU
		{CA90BCA1-48F2-4F92-B5C0-783DFB12443F}.Release|Any CPU.Build.0 = Release|Any CPU
		{3C2DA1FC-268A-4C2F-A7AF-326C2BA7B987}.Debug|Any CPU.ActiveCfg = Debug|Any CPU
		{3C2DA1FC-268A-4C2F-A7AF-326C2BA7B987}.Debug|Any CPU.Build.0 = Debug|Any CPU
		{3C2DA1FC-268A-4C2F-A7AF-326C2BA7B987}.Release|Any CPU.ActiveCfg = Release|Any CPU
		{3C2DA1FC-268A-4C2F-A7AF-326C2BA7B987}.Release|Any CPU.Build.0 = Release|Any CPU
		{622720DC-AD75-45D9-82FD-9D3BBA9A1E0B}.Debug|Any CPU.ActiveCfg = Debug|Any CPU
		{622720DC-AD75-45D9-82FD-9D3BBA9A1E0B}.Debug|Any CPU.Build.0 = Debug|Any CPU
		{622720DC-AD75-45D9-82FD-9D3BBA9A1E0B}.Release|Any CPU.ActiveCfg = Release|Any CPU
		{622720DC-AD75-45D9-82FD-9D3BBA9A1E0B}.Release|Any CPU.Build.0 = Release|Any CPU
		{17F2682E-7370-46A6-841E-B6771017DC84}.Debug|Any CPU.ActiveCfg = Debug|Any CPU
		{17F2682E-7370-46A6-841E-B6771017DC84}.Debug|Any CPU.Build.0 = Debug|Any CPU
		{17F2682E-7370-46A6-841E-B6771017DC84}.Release|Any CPU.ActiveCfg = Release|Any CPU
		{17F2682E-7370-46A6-841E-B6771017DC84}.Release|Any CPU.Build.0 = Release|Any CPU
	EndGlobalSection
	GlobalSection(SolutionProperties) = preSolution
		HideSolutionNode = FALSE
	EndGlobalSection
	GlobalSection(ExtensibilityGlobals) = postSolution
		SolutionGuid = {3971828D-B622-41A8-9B6F-EE6BDB890DF4}
	EndGlobalSection
EndGlobal
