
Microsoft Visual Studio Solution File, Format Version 12.00
# Visual Studio Version 17
VisualStudioVersion = 17.13.35818.85
MinimumVisualStudioVersion = 10.0.40219.1
Project("{FAE04EC0-301F-11D3-BF4B-00C04F79EFBC}") = "TiposDeDados", "TiposDeDados.csproj", "{853A75B4-900C-4329-9F67-1E5BC6EFAD2A}"
EndProject
Project("{FAE04EC0-301F-11D3-BF4B-00C04F79EFBC}") = "DateTime", "..\dateTime\DateTime.csproj", "{A6C93281-4F94-4B0C-BD14-F02AAEF6C334}"
EndProject
Project("{FAE04EC0-301F-11D3-BF4B-00C04F79EFBC}") = "NullableTypes", "..\NullableTypes\NullableTypes.csproj", "{A0AA7D56-6119-46A4-917C-885D5EAF6A8E}"
EndProject
Project("{FAE04EC0-301F-11D3-BF4B-00C04F79EFBC}") = "Identificadores", "..\Identificadores\Identificadores.csproj", "{5F7F4903-8826-474D-87D2-4AD1D0BB5DEF}"
EndProject
Global
	GlobalSection(SolutionConfigurationPlatforms) = preSolution
		Debug|Any CPU = Debug|Any CPU
		Release|Any CPU = Release|Any CPU
	EndGlobalSection
	GlobalSection(ProjectConfigurationPlatforms) = postSolution
		{853A75B4-900C-4329-9F67-1E5BC6EFAD2A}.Debug|Any CPU.ActiveCfg = Debug|Any CPU
		{853A75B4-900C-4329-9F67-1E5BC6EFAD2A}.Debug|Any CPU.Build.0 = Debug|Any CPU
		{853A75B4-900C-4329-9F67-1E5BC6EFAD2A}.Release|Any CPU.ActiveCfg = Release|Any CPU
		{853A75B4-900C-4329-9F67-1E5BC6EFAD2A}.Release|Any CPU.Build.0 = Release|Any CPU
		{A6C93281-4F94-4B0C-BD14-F02AAEF6C334}.Debug|Any CPU.ActiveCfg = Debug|Any CPU
		{A6C93281-4F94-4B0C-BD14-F02AAEF6C334}.Debug|Any CPU.Build.0 = Debug|Any CPU
		{A6C93281-4F94-4B0C-BD14-F02AAEF6C334}.Release|Any CPU.ActiveCfg = Release|Any CPU
		{A6C93281-4F94-4B0C-BD14-F02AAEF6C334}.Release|Any CPU.Build.0 = Release|Any CPU
		{A0AA7D56-6119-46A4-917C-885D5EAF6A8E}.Debug|Any CPU.ActiveCfg = Debug|Any CPU
		{A0AA7D56-6119-46A4-917C-885D5EAF6A8E}.Debug|Any CPU.Build.0 = Debug|Any CPU
		{A0AA7D56-6119-46A4-917C-885D5EAF6A8E}.Release|Any CPU.ActiveCfg = Release|Any CPU
		{A0AA7D56-6119-46A4-917C-885D5EAF6A8E}.Release|Any CPU.Build.0 = Release|Any CPU
		{5F7F4903-8826-474D-87D2-4AD1D0BB5DEF}.Debug|Any CPU.ActiveCfg = Debug|Any CPU
		{5F7F4903-8826-474D-87D2-4AD1D0BB5DEF}.Debug|Any CPU.Build.0 = Debug|Any CPU
		{5F7F4903-8826-474D-87D2-4AD1D0BB5DEF}.Release|Any CPU.ActiveCfg = Release|Any CPU
		{5F7F4903-8826-474D-87D2-4AD1D0BB5DEF}.Release|Any CPU.Build.0 = Release|Any CPU
	EndGlobalSection
	GlobalSection(SolutionProperties) = preSolution
		HideSolutionNode = FALSE
	EndGlobalSection
	GlobalSection(ExtensibilityGlobals) = postSolution
		SolutionGuid = {3971828D-B622-41A8-9B6F-EE6BDB890DF4}
	EndGlobalSection
EndGlobal
