
Microsoft Visual Studio Solution File, Format Version 12.00
# Visual Studio Version 17
VisualStudioVersion = 17.13.35818.85 d17.13
MinimumVisualStudioVersion = 10.0.40219.1
Project("{FAE04EC0-301F-11D3-BF4B-00C04F79EFBC}") = "nullableTypes", "nullableTypes.csproj", "{45A3F8A6-37BA-43CE-B01A-27F84A460E79}"
EndProject
Global
	GlobalSection(SolutionConfigurationPlatforms) = preSolution
		Debug|Any CPU = Debug|Any CPU
		Release|Any CPU = Release|Any CPU
	EndGlobalSection
	GlobalSection(ProjectConfigurationPlatforms) = postSolution
		{45A3F8A6-37BA-43CE-B01A-27F84A460E79}.Debug|Any CPU.ActiveCfg = Debug|Any CPU
		{45A3F8A6-37BA-43CE-B01A-27F84A460E79}.Debug|Any CPU.Build.0 = Debug|Any CPU
		{45A3F8A6-37BA-43CE-B01A-27F84A460E79}.Release|Any CPU.ActiveCfg = Release|Any CPU
		{45A3F8A6-37BA-43CE-B01A-27F84A460E79}.Release|Any CPU.Build.0 = Release|Any CPU
	EndGlobalSection
	GlobalSection(SolutionProperties) = preSolution
		HideSolutionNode = FALSE
	EndGlobalSection
	GlobalSection(ExtensibilityGlobals) = postSolution
		SolutionGuid = {2CBA0CC3-AFD2-4EFD-9A53-F7313807325C}
	EndGlobalSection
EndGlobal
